// !$*UTF8*$!
{
	archiveVersion = 1;
	classes = {
	};
	objectVersion = 55;
	objects = {

/* Begin PBXBuildFile section */
		33ED417D271F445500571FD8 /* sfml-system.framework in Frameworks */ = {isa = PBXBuildFile; fileRef = 33ED4177271F445400571FD8 /* sfml-system.framework */; };
		33ED417E271F445500571FD8 /* sfml-system.framework in Embed Frameworks */ = {isa = PBXBuildFile; fileRef = 33ED4177271F445400571FD8 /* sfml-system.framework */; settings = {ATTRIBUTES = (CodeSignOnCopy, RemoveHeadersOnCopy, ); }; };
		33ED417F271F445500571FD8 /* sfml-window.framework in Frameworks */ = {isa = PBXBuildFile; fileRef = 33ED4178271F445400571FD8 /* sfml-window.framework */; };
		33ED4180271F445500571FD8 /* sfml-window.framework in Embed Frameworks */ = {isa = PBXBuildFile; fileRef = 33ED4178271F445400571FD8 /* sfml-window.framework */; settings = {ATTRIBUTES = (CodeSignOnCopy, RemoveHeadersOnCopy, ); }; };
		33ED4181271F445500571FD8 /* SFML.framework in Frameworks */ = {isa = PBXBuildFile; fileRef = 33ED4179271F445400571FD8 /* SFML.framework */; };
		33ED4182271F445500571FD8 /* SFML.framework in Embed Frameworks */ = {isa = PBXBuildFile; fileRef = 33ED4179271F445400571FD8 /* SFML.framework */; settings = {ATTRIBUTES = (CodeSignOnCopy, RemoveHeadersOnCopy, ); }; };
		33ED4183271F445500571FD8 /* sfml-graphics.framework in Frameworks */ = {isa = PBXBuildFile; fileRef = 33ED417A271F445400571FD8 /* sfml-graphics.framework */; };
		33ED4184271F445500571FD8 /* sfml-graphics.framework in Embed Frameworks */ = {isa = PBXBuildFile; fileRef = 33ED417A271F445400571FD8 /* sfml-graphics.framework */; settings = {ATTRIBUTES = (CodeSignOnCopy, RemoveHeadersOnCopy, ); }; };
		33ED4185271F445500571FD8 /* sfml-audio.framework in Frameworks */ = {isa = PBXBuildFile; fileRef = 33ED417B271F445400571FD8 /* sfml-audio.framework */; };
		33ED4186271F445500571FD8 /* sfml-audio.framework in Embed Frameworks */ = {isa = PBXBuildFile; fileRef = 33ED417B271F445400571FD8 /* sfml-audio.framework */; settings = {ATTRIBUTES = (CodeSignOnCopy, RemoveHeadersOnCopy, ); }; };
		33ED4187271F445500571FD8 /* sfml-network.framework in Frameworks */ = {isa = PBXBuildFile; fileRef = 33ED417C271F445500571FD8 /* sfml-network.framework */; };
		33ED4188271F445500571FD8 /* sfml-network.framework in Embed Frameworks */ = {isa = PBXBuildFile; fileRef = 33ED417C271F445500571FD8 /* sfml-network.framework */; settings = {ATTRIBUTES = (CodeSignOnCopy, RemoveHeadersOnCopy, ); }; };
		33ED4194271F6E3C00571FD8 /* board.png in Resources */ = {isa = PBXBuildFile; fileRef = 33ED4191271F6E3C00571FD8 /* board.png */; };
		33ED4195271F6E3C00571FD8 /* figures.png in Resources */ = {isa = PBXBuildFile; fileRef = 33ED4192271F6E3C00571FD8 /* figures.png */; };
		33ED4196271F6E3C00571FD8 /* board0.png in Resources */ = {isa = PBXBuildFile; fileRef = 33ED4193271F6E3C00571FD8 /* board0.png */; };
		33ED41BC271F6FBB00571FD8 /* ResourcePath.mm in Sources */ = {isa = PBXBuildFile; fileRef = 33ED41BA271F6FBB00571FD8 /* ResourcePath.mm */; };
		33ED41C4271F873200571FD8 /* queen.png in Resources */ = {isa = PBXBuildFile; fileRef = 33ED41C3271F873200571FD8 /* queen.png */; };
		33ED41F02720865D00571FD8 /* main.cpp in Sources */ = {isa = PBXBuildFile; fileRef = 33ED4165271F439D00571FD8 /* main.cpp */; };
		33F5E792272102770017E09C /* Puzzle.cpp in Sources */ = {isa = PBXBuildFile; fileRef = 33F5E789272102770017E09C /* Puzzle.cpp */; };
		33F5E793272102770017E09C /* Queen.cpp in Sources */ = {isa = PBXBuildFile; fileRef = 33F5E78C272102770017E09C /* Queen.cpp */; };
		33F5E795272102770017E09C /* square.cpp in Sources */ = {isa = PBXBuildFile; fileRef = 33F5E790272102770017E09C /* square.cpp */; };
		33F5E796272102770017E09C /* chessboard.cpp in Sources */ = {isa = PBXBuildFile; fileRef = 33F5E791272102770017E09C /* chessboard.cpp */; };
/* End PBXBuildFile section */

/* Begin PBXCopyFilesBuildPhase section */
		33ED4189271F445500571FD8 /* Embed Frameworks */ = {
			isa = PBXCopyFilesBuildPhase;
			buildActionMask = 2147483647;
			dstPath = "";
			dstSubfolderSpec = 10;
			files = (
				33ED4182271F445500571FD8 /* SFML.framework in Embed Frameworks */,
				33ED4188271F445500571FD8 /* sfml-network.framework in Embed Frameworks */,
				33ED4186271F445500571FD8 /* sfml-audio.framework in Embed Frameworks */,
				33ED4180271F445500571FD8 /* sfml-window.framework in Embed Frameworks */,
				33ED417E271F445500571FD8 /* sfml-system.framework in Embed Frameworks */,
				33ED4184271F445500571FD8 /* sfml-graphics.framework in Embed Frameworks */,
			);
			name = "Embed Frameworks";
			runOnlyForDeploymentPostprocessing = 0;
		};
/* End PBXCopyFilesBuildPhase section */

/* Begin PBXFileReference section */
		33ED415D271F439D00571FD8 /* chessboard.app */ = {isa = PBXFileReference; explicitFileType = wrapper.application; includeInIndex = 0; path = chessboard.app; sourceTree = BUILT_PRODUCTS_DIR; };
		33ED4165271F439D00571FD8 /* main.cpp */ = {isa = PBXFileReference; lastKnownFileType = sourcecode.cpp.cpp; path = main.cpp; sourceTree = "<group>"; };
		33ED4175271F443200571FD8 /* chessboard.entitlements */ = {isa = PBXFileReference; lastKnownFileType = text.plist.entitlements; path = chessboard.entitlements; sourceTree = "<group>"; };
		33ED4177271F445400571FD8 /* sfml-system.framework */ = {isa = PBXFileReference; lastKnownFileType = wrapper.framework; name = "sfml-system.framework"; path = "../../../../../../Downloads/SFML-2.5.1-macos-clang/Frameworks/sfml-system.framework"; sourceTree = "<group>"; };
		33ED4178271F445400571FD8 /* sfml-window.framework */ = {isa = PBXFileReference; lastKnownFileType = wrapper.framework; name = "sfml-window.framework"; path = "../../../../../../Downloads/SFML-2.5.1-macos-clang/Frameworks/sfml-window.framework"; sourceTree = "<group>"; };
		33ED4179271F445400571FD8 /* SFML.framework */ = {isa = PBXFileReference; lastKnownFileType = wrapper.framework; name = SFML.framework; path = "../../../../../../Downloads/SFML-2.5.1-macos-clang/Frameworks/SFML.framework"; sourceTree = "<group>"; };
		33ED417A271F445400571FD8 /* sfml-graphics.framework */ = {isa = PBXFileReference; lastKnownFileType = wrapper.framework; name = "sfml-graphics.framework"; path = "../../../../../../Downloads/SFML-2.5.1-macos-clang/Frameworks/sfml-graphics.framework"; sourceTree = "<group>"; };
		33ED417B271F445400571FD8 /* sfml-audio.framework */ = {isa = PBXFileReference; lastKnownFileType = wrapper.framework; name = "sfml-audio.framework"; path = "../../../../../../Downloads/SFML-2.5.1-macos-clang/Frameworks/sfml-audio.framework"; sourceTree = "<group>"; };
		33ED417C271F445500571FD8 /* sfml-network.framework */ = {isa = PBXFileReference; lastKnownFileType = wrapper.framework; name = "sfml-network.framework"; path = "../../../../../../Downloads/SFML-2.5.1-macos-clang/Frameworks/sfml-network.framework"; sourceTree = "<group>"; };
		33ED418B271F6B7E00571FD8 /* board0.png */ = {isa = PBXFileReference; lastKnownFileType = image.png; path = board0.png; sourceTree = "<group>"; };
		33ED418C271F6B7E00571FD8 /* board.png */ = {isa = PBXFileReference; lastKnownFileType = image.png; path = board.png; sourceTree = "<group>"; };
		33ED418D271F6B7E00571FD8 /* figures.png */ = {isa = PBXFileReference; lastKnownFileType = image.png; path = figures.png; sourceTree = "<group>"; };
		33ED4191271F6E3C00571FD8 /* board.png */ = {isa = PBXFileReference; lastKnownFileType = image.png; path = board.png; sourceTree = "<group>"; };
		33ED4192271F6E3C00571FD8 /* figures.png */ = {isa = PBXFileReference; lastKnownFileType = image.png; path = figures.png; sourceTree = "<group>"; };
		33ED4193271F6E3C00571FD8 /* board0.png */ = {isa = PBXFileReference; lastKnownFileType = image.png; path = board0.png; sourceTree = "<group>"; };
		33ED41BA271F6FBB00571FD8 /* ResourcePath.mm */ = {isa = PBXFileReference; fileEncoding = 4; lastKnownFileType = sourcecode.cpp.objcpp; path = ResourcePath.mm; sourceTree = "<group>"; };
		33ED41BB271F6FBB00571FD8 /* ResourcePath.hpp */ = {isa = PBXFileReference; fileEncoding = 4; lastKnownFileType = sourcecode.cpp.h; path = ResourcePath.hpp; sourceTree = "<group>"; };
		33ED41C3271F873200571FD8 /* queen.png */ = {isa = PBXFileReference; lastKnownFileType = image.png; path = queen.png; sourceTree = "<group>"; };
		33F5E789272102770017E09C /* Puzzle.cpp */ = {isa = PBXFileReference; fileEncoding = 4; lastKnownFileType = sourcecode.cpp.cpp; path = Puzzle.cpp; sourceTree = "<group>"; };
		33F5E78A272102770017E09C /* Queen.hpp */ = {isa = PBXFileReference; fileEncoding = 4; lastKnownFileType = sourcecode.cpp.h; path = Queen.hpp; sourceTree = "<group>"; };
		33F5E78B272102770017E09C /* square.hpp */ = {isa = PBXFileReference; fileEncoding = 4; lastKnownFileType = sourcecode.cpp.h; path = square.hpp; sourceTree = "<group>"; };
		33F5E78C272102770017E09C /* Queen.cpp */ = {isa = PBXFileReference; fileEncoding = 4; lastKnownFileType = sourcecode.cpp.cpp; path = Queen.cpp; sourceTree = "<group>"; };
		33F5E78D272102770017E09C /* chessboard.hpp */ = {isa = PBXFileReference; fileEncoding = 4; lastKnownFileType = sourcecode.cpp.h; path = chessboard.hpp; sourceTree = "<group>"; };
		33F5E78F272102770017E09C /* Puzzle.hpp */ = {isa = PBXFileReference; fileEncoding = 4; lastKnownFileType = sourcecode.cpp.h; path = Puzzle.hpp; sourceTree = "<group>"; };
		33F5E790272102770017E09C /* square.cpp */ = {isa = PBXFileReference; fileEncoding = 4; lastKnownFileType = sourcecode.cpp.cpp; path = square.cpp; sourceTree = "<group>"; };
		33F5E791272102770017E09C /* chessboard.cpp */ = {isa = PBXFileReference; fileEncoding = 4; lastKnownFileType = sourcecode.cpp.cpp; path = chessboard.cpp; sourceTree = "<group>"; };
/* End PBXFileReference section */

/* Begin PBXFrameworksBuildPhase section */
		33ED4159271F439D00571FD8 /* Frameworks */ = {
			isa = PBXFrameworksBuildPhase;
			buildActionMask = 2147483647;
			files = (
				33ED4181271F445500571FD8 /* SFML.framework in Frameworks */,
				33ED4187271F445500571FD8 /* sfml-network.framework in Frameworks */,
				33ED4185271F445500571FD8 /* sfml-audio.framework in Frameworks */,
				33ED417F271F445500571FD8 /* sfml-window.framework in Frameworks */,
				33ED417D271F445500571FD8 /* sfml-system.framework in Frameworks */,
				33ED4183271F445500571FD8 /* sfml-graphics.framework in Frameworks */,
			);
			runOnlyForDeploymentPostprocessing = 0;
		};
/* End PBXFrameworksBuildPhase section */

/* Begin PBXGroup section */
		33ED4153271F439D00571FD8 = {
			isa = PBXGroup;
			children = (
				33ED41C3271F873200571FD8 /* queen.png */,
				33ED4191271F6E3C00571FD8 /* board.png */,
				33ED4193271F6E3C00571FD8 /* board0.png */,
				33ED4192271F6E3C00571FD8 /* figures.png */,
				33ED415F271F439D00571FD8 /* chessboard */,
				33ED415E271F439D00571FD8 /* Products */,
				33ED4176271F445400571FD8 /* Frameworks */,
			);
			sourceTree = "<group>";
		};
		33ED415E271F439D00571FD8 /* Products */ = {
			isa = PBXGroup;
			children = (
				33ED415D271F439D00571FD8 /* chessboard.app */,
			);
			name = Products;
			sourceTree = "<group>";
		};
		33ED415F271F439D00571FD8 /* chessboard */ = {
			isa = PBXGroup;
			children = (
				33F5E7882721025D0017E09C /* algorithms */,
				33ED41BB271F6FBB00571FD8 /* ResourcePath.hpp */,
				33ED41BA271F6FBB00571FD8 /* ResourcePath.mm */,
				33ED418A271F6B7E00571FD8 /* images */,
				33ED4175271F443200571FD8 /* chessboard.entitlements */,
				33ED4165271F439D00571FD8 /* main.cpp */,
			);
			path = chessboard;
			sourceTree = "<group>";
		};
		33ED4176271F445400571FD8 /* Frameworks */ = {
			isa = PBXGroup;
			children = (
				33ED417B271F445400571FD8 /* sfml-audio.framework */,
				33ED417A271F445400571FD8 /* sfml-graphics.framework */,
				33ED417C271F445500571FD8 /* sfml-network.framework */,
				33ED4177271F445400571FD8 /* sfml-system.framework */,
				33ED4178271F445400571FD8 /* sfml-window.framework */,
				33ED4179271F445400571FD8 /* SFML.framework */,
			);
			name = Frameworks;
			sourceTree = "<group>";
		};
		33ED418A271F6B7E00571FD8 /* images */ = {
			isa = PBXGroup;
			children = (
				33ED418B271F6B7E00571FD8 /* board0.png */,
				33ED418C271F6B7E00571FD8 /* board.png */,
				33ED418D271F6B7E00571FD8 /* figures.png */,
			);
			name = images;
			path = "../../../../../../../Downloads/16_Games/14 Chess/images";
			sourceTree = "<group>";
		};
		33F5E7882721025D0017E09C /* algorithms */ = {
			isa = PBXGroup;
			children = (
				33F5E791272102770017E09C /* chessboard.cpp */,
				33F5E78D272102770017E09C /* chessboard.hpp */,
				33F5E789272102770017E09C /* Puzzle.cpp */,
				33F5E78F272102770017E09C /* Puzzle.hpp */,
				33F5E78C272102770017E09C /* Queen.cpp */,
				33F5E78A272102770017E09C /* Queen.hpp */,
				33F5E790272102770017E09C /* square.cpp */,
				33F5E78B272102770017E09C /* square.hpp */,
			);
			path = algorithms;
			sourceTree = "<group>";
		};
/* End PBXGroup section */

/* Begin PBXNativeTarget section */
		33ED415C271F439D00571FD8 /* chessboard */ = {
			isa = PBXNativeTarget;
			buildConfigurationList = 33ED4172271F439D00571FD8 /* Build configuration list for PBXNativeTarget "chessboard" */;
			buildPhases = (
				33ED4158271F439D00571FD8 /* Sources */,
				33ED4159271F439D00571FD8 /* Frameworks */,
				33ED415A271F439D00571FD8 /* Resources */,
				33ED415B271F439D00571FD8 /* ShellScript */,
				33ED4189271F445500571FD8 /* Embed Frameworks */,
			);
			buildRules = (
			);
			dependencies = (
			);
			name = chessboard;
			productName = chessboard;
			productReference = 33ED415D271F439D00571FD8 /* chessboard.app */;
			productType = "com.apple.product-type.application";
		};
/* End PBXNativeTarget section */

/* Begin PBXProject section */
		33ED4154271F439D00571FD8 /* Project object */ = {
			isa = PBXProject;
			attributes = {
				BuildIndependentTargetsInParallel = 1;
				LastUpgradeCheck = 1300;
				ORGANIZATIONNAME = "Federico D'Armini";
				TargetAttributes = {
					33ED415C271F439D00571FD8 = {
						CreatedOnToolsVersion = 13.0;
					};
				};
			};
			buildConfigurationList = 33ED4157271F439D00571FD8 /* Build configuration list for PBXProject "chessboard" */;
			compatibilityVersion = "Xcode 13.0";
			developmentRegion = en;
			hasScannedForEncodings = 0;
			knownRegions = (
				en,
				Base,
			);
			mainGroup = 33ED4153271F439D00571FD8;
			productRefGroup = 33ED415E271F439D00571FD8 /* Products */;
			projectDirPath = "";
			projectRoot = "";
			targets = (
				33ED415C271F439D00571FD8 /* chessboard */,
			);
		};
/* End PBXProject section */

/* Begin PBXResourcesBuildPhase section */
		33ED415A271F439D00571FD8 /* Resources */ = {
			isa = PBXResourcesBuildPhase;
			buildActionMask = 2147483647;
			files = (
				33ED41C4271F873200571FD8 /* queen.png in Resources */,
				33ED4194271F6E3C00571FD8 /* board.png in Resources */,
				33ED4195271F6E3C00571FD8 /* figures.png in Resources */,
				33ED4196271F6E3C00571FD8 /* board0.png in Resources */,
			);
			runOnlyForDeploymentPostprocessing = 0;
		};
/* End PBXResourcesBuildPhase section */

/* Begin PBXShellScriptBuildPhase section */
		33ED415B271F439D00571FD8 /* ShellScript */ = {
			isa = PBXShellScriptBuildPhase;
			buildActionMask = 8;
			files = (
			);
			inputFileListPaths = (
			);
			inputPaths = (
			);
			outputFileListPaths = (
			);
			outputPaths = (
			);
			runOnlyForDeploymentPostprocessing = 1;
			shellPath = /bin/sh;
			shellScript = "# This shell script simply copies required SFML dylibs/frameworks into the application bundle frameworks folder.\n# If you're using static libraries (which is not recommended) you should remove this script from your project.\n\n# SETTINGS\nSFML_DEPENDENCIES_INSTALL_PREFIX=\"/Users/SFML/Desktop/packaging/tmp/install/Library/Frameworks\"\nCMAKE_INSTALL_FRAMEWORK_PREFIX=\"/Users/SFML/Desktop/packaging/tmp/install/Library/Frameworks\"\nCMAKE_INSTALL_LIB_PREFIX=\"/Users/SFML/Desktop/packaging/tmp/install/Library/Frameworks/lib\"\nFRAMEWORKS_FULL_PATH=\"$BUILT_PRODUCTS_DIR/$FRAMEWORKS_FOLDER_PATH/\"\n\n# Are we building a project that uses frameworks or dylibs?\ncase \"$SFML_BINARY_TYPE\" in\n    DYLIBS)\n        frameworks=\"false\"\n        ;;\n    *)\n        frameworks=\"true\"\n        ;;\nesac\n\n# Echoes to stderr\nerror () # $* message to display\n{\n    echo $* 1>&2\n    exit 2\n}\n\nassert () # $1 is a boolean, $2...N is an error message\n{\n    if [ $# -lt 2 ]\n    then\n        error \"Internal error in assert: not enough args\"\n    fi\n\n    if [ $1 -ne 0 ]\n    then\n        shift\n        error \"$*\"\n    fi\n}\n\nforce_remove () # $@ is some paths\n{\n    test $# -ge 1\n    assert $? \"force_remove() requires at least one parameter\"\n    rm -fr $@\n    assert $? \"couldn't remove $@\"\n}\n\ncopy () # $1 is a source, $2 is a destination\n{\n    test $# -eq 2\n    assert $? \"copy() requires two parameters\"\n    ditto \"$1\" \"$2\"\n    assert $? \"couldn't copy $1 to $2\"\n}\n\nrequire () # $1 is a SFML module like 'system' or 'audio'\n{\n    dest=\"$BUILT_PRODUCTS_DIR/$FRAMEWORKS_FOLDER_PATH/\"\n\n    if [ -z \"$1\" ]\n    then\n        error \"require() requires one parameter!\"\n    else\n        # clean potentially old stuff\n        force_remove \"$dest/libsfml-$1\"*\n        force_remove \"$dest/sfml-$1.framework\"\n\n        # copy SFML libraries\n        if [ \"$frameworks\" = \"true\" ]\n        then\n            source=\"$CMAKE_INSTALL_FRAMEWORK_PREFIX/sfml-$1.framework\"\n            target=\"sfml-$1.framework\"\n        elif [ \"$SFML_LINK_DYLIBS_SUFFIX\" = \"-d\" ]\n        then\n            source=\"$CMAKE_INSTALL_LIB_PREFIX/libsfml-$1-d.dylib\"\n            target=\"`readlink $source`\"\n        else\n            source=\"$CMAKE_INSTALL_LIB_PREFIX/libsfml-$1.dylib\"\n            target=\"`readlink $source`\"\n        fi\n\n        copy \"$source\" \"$dest/$target\"\n\n        # copy extra dependencies\n        if [ \"$1\" = \"audio\" ]\n        then\n            # copy \"FLAC\" \"ogg\" \"vorbis\" \"vorbisenc\" \"vorbisfile\" \"OpenAL\" frameworks too\n            for f in \"FLAC\" \"ogg\" \"vorbis\" \"vorbisenc\" \"vorbisfile\" \"OpenAL\"\n            do\n                copy \"$SFML_DEPENDENCIES_INSTALL_PREFIX/$f.framework\" \"$dest/$f.framework\"\n            done\n        elif [ \"$1\" = \"graphics\" ]\n        then\n            copy \"$SFML_DEPENDENCIES_INSTALL_PREFIX/freetype.framework\" \"$dest/freetype.framework\"\n        fi\n    fi\n}\n\nif [ -n \"$SFML_SYSTEM\" ]\nthen\n    require \"system\"\nfi\n\nif [ -n \"$SFML_AUDIO\" ]\nthen\n    require \"audio\"\nfi\n\nif [ -n \"$SFML_NETWORK\" ]\nthen\n    require \"network\"\nfi\n\nif [ -n \"$SFML_WINDOW\" ]\nthen\n    require \"window\"\nfi\n\nif [ -n \"$SFML_GRAPHICS\" ]\nthen\n    require \"graphics\"\nfi\n\n                \n";
		};
/* End PBXShellScriptBuildPhase section */

/* Begin PBXSourcesBuildPhase section */
		33ED4158271F439D00571FD8 /* Sources */ = {
			isa = PBXSourcesBuildPhase;
			buildActionMask = 2147483647;
			files = (
				33F5E793272102770017E09C /* Queen.cpp in Sources */,
				33F5E796272102770017E09C /* chessboard.cpp in Sources */,
				33F5E792272102770017E09C /* Puzzle.cpp in Sources */,
				33ED41F02720865D00571FD8 /* main.cpp in Sources */,
				33F5E795272102770017E09C /* square.cpp in Sources */,
				33ED41BC271F6FBB00571FD8 /* ResourcePath.mm in Sources */,
			);
			runOnlyForDeploymentPostprocessing = 0;
		};
/* End PBXSourcesBuildPhase section */

/* Begin XCBuildConfiguration section */
		33ED4170271F439D00571FD8 /* Debug */ = {
			isa = XCBuildConfiguration;
			buildSettings = {
				ARCHS = "$(NATIVE_ARCH_ACTUAL)";
				CLANG_CXX_LANGUAGE_STANDARD = "c++14";
				CLANG_CXX_LIBRARY = "libc++";
				FRAMEWORK_SEARCH_PATHS = (
					/Library/Frameworks/,
					"$(inherited)",
				);
				GCC_VERSION = com.apple.compilers.llvm.clang.1_0;
				HEADER_SEARCH_PATHS = (
					/usr/local/include/,
					"$(inherited)",
				);
				LIBRARY_SEARCH_PATHS = (
					/usr/local/lib/,
					"$(inherited)",
				);
				MACOSX_DEPLOYMENT_TARGET = 10.7;
				OTHER_LDFLAGS = (
					"$(inherited)",
					"$(SFML_SYSTEM)",
					"$(SFML_WINDOW)",
					"$(SFML_GRAPHICS)",
					"$(SFML_AUDIO)",
					"$(SFML_NETWORK)",
				);
				SFML_AUDIO = "$(SFML_LINK_PREFIX) sfml-audio$(SFML_LINK_SUFFIX)";
				SFML_BINARY_TYPE = FRAMEWORKS;
				SFML_GRAPHICS = "$(SFML_LINK_PREFIX) sfml-graphics$(SFML_LINK_SUFFIX)";
				SFML_LINK_DYLIBS_PREFIX = "-l";
				SFML_LINK_DYLIBS_SUFFIX = "";
				SFML_LINK_FRAMEWORKS_PREFIX = "-framework";
				SFML_LINK_FRAMEWORKS_SUFFIX = "";
				SFML_LINK_PREFIX = "$(SFML_LINK_$(SFML_BINARY_TYPE)_PREFIX)";
				SFML_LINK_SUFFIX = "$(SFML_LINK_$(SFML_BINARY_TYPE)_SUFFIX)";
				SFML_NETWORK = "$(SFML_LINK_PREFIX) sfml-network$(SFML_LINK_SUFFIX)";
				SFML_SYSTEM = "$(SFML_LINK_PREFIX) sfml-system$(SFML_LINK_SUFFIX)";
				SFML_WINDOW = "$(SFML_LINK_PREFIX) sfml-window$(SFML_LINK_SUFFIX)";
				SUPPORTED_PLATFORMS = macosx;
			};
			name = Debug;
		};
		33ED4171271F439D00571FD8 /* Release */ = {
			isa = XCBuildConfiguration;
			buildSettings = {
				ARCHS = "$(NATIVE_ARCH_ACTUAL)";
				CLANG_CXX_LANGUAGE_STANDARD = "c++14";
				CLANG_CXX_LIBRARY = "libc++";
				FRAMEWORK_SEARCH_PATHS = (
					/Library/Frameworks/,
					"$(inherited)",
				);
				GCC_VERSION = com.apple.compilers.llvm.clang.1_0;
				HEADER_SEARCH_PATHS = (
					/usr/local/include/,
					"$(inherited)",
				);
				LIBRARY_SEARCH_PATHS = (
					/usr/local/lib/,
					"$(inherited)",
				);
				MACOSX_DEPLOYMENT_TARGET = 10.7;
				OTHER_LDFLAGS = (
					"$(inherited)",
					"$(SFML_SYSTEM)",
					"$(SFML_WINDOW)",
					"$(SFML_GRAPHICS)",
					"$(SFML_AUDIO)",
					"$(SFML_NETWORK)",
				);
				SFML_AUDIO = "$(SFML_LINK_PREFIX) sfml-audio$(SFML_LINK_SUFFIX)";
				SFML_BINARY_TYPE = FRAMEWORKS;
				SFML_GRAPHICS = "$(SFML_LINK_PREFIX) sfml-graphics$(SFML_LINK_SUFFIX)";
				SFML_LINK_DYLIBS_PREFIX = "-l";
				SFML_LINK_DYLIBS_SUFFIX = "";
				SFML_LINK_FRAMEWORKS_PREFIX = "-framework";
				SFML_LINK_FRAMEWORKS_SUFFIX = "";
				SFML_LINK_PREFIX = "$(SFML_LINK_$(SFML_BINARY_TYPE)_PREFIX)";
				SFML_LINK_SUFFIX = "$(SFML_LINK_$(SFML_BINARY_TYPE)_SUFFIX)";
				SFML_NETWORK = "$(SFML_LINK_PREFIX) sfml-network$(SFML_LINK_SUFFIX)";
				SFML_SYSTEM = "$(SFML_LINK_PREFIX) sfml-system$(SFML_LINK_SUFFIX)";
				SFML_WINDOW = "$(SFML_LINK_PREFIX) sfml-window$(SFML_LINK_SUFFIX)";
				SUPPORTED_PLATFORMS = macosx;
			};
			name = Release;
		};
		33ED4173271F439D00571FD8 /* Debug */ = {
			isa = XCBuildConfiguration;
			buildSettings = {
				CODE_SIGN_ENTITLEMENTS = chessboard/chessboard.entitlements;
				CODE_SIGN_STYLE = Automatic;
				DEVELOPMENT_TEAM = NQT55DV383;
				ENABLE_HARDENED_RUNTIME = YES;
				INFOPLIST_FILE = "chessboard/chessboard-Info.plist";
				LD_RUNPATH_SEARCH_PATHS = (
					"@loader_path/../Frameworks",
					"@executable_path/../Frameworks",
				);
				PRODUCT_NAME = "$(TARGET_NAME)";
				"SFML_SYSTEM[arch=*]" = "$(SFML_LINK_PREFIX) sfml-system$(SFML_LINK_SUFFIX)";
			};
			name = Debug;
		};
		33ED4174271F439D00571FD8 /* Release */ = {
			isa = XCBuildConfiguration;
			buildSettings = {
				CODE_SIGN_ENTITLEMENTS = chessboard/chessboard.entitlements;
				CODE_SIGN_STYLE = Automatic;
				DEVELOPMENT_TEAM = NQT55DV383;
				ENABLE_HARDENED_RUNTIME = YES;
				INFOPLIST_FILE = "chessboard/chessboard-Info.plist";
				LD_RUNPATH_SEARCH_PATHS = (
					"@loader_path/../Frameworks",
					"@executable_path/../Frameworks",
				);
				"PRODUCT_BUNDLE_IDENTIFIER[sdk=*]" = "";
				PRODUCT_NAME = "$(TARGET_NAME)";
				"SFML_AUDIO[arch=*]" = "$(SFML_LINK_PREFIX) sfml-audio$(SFML_LINK_SUFFIX)";
				"SFML_BINARY_TYPE[arch=*]" = FRAMEWORKS;
				"SFML_GRAPHICS[arch=*]" = "$(SFML_LINK_PREFIX) sfml-graphics$(SFML_LINK_SUFFIX)";
				"SFML_LINK_DYLIBS_PREFIX[arch=*]" = "-l";
				"SFML_LINK_DYLIBS_SUFFIX[arch=*]" = "";
				"SFML_LINK_FRAMEWORKS_PREFIX[arch=*]" = "-framework";
				"SFML_LINK_FRAMEWORKS_SUFFIX[arch=*]" = "";
				"SFML_LINK_PREFIX[arch=*]" = "$(SFML_LINK_$(SFML_BINARY_TYPE)_PREFIX)";
				"SFML_LINK_SUFFIX[arch=*]" = "$(SFML_LINK_$(SFML_BINARY_TYPE)_SUFFIX)";
				"SFML_NETWORK[arch=*]" = "$(SFML_LINK_PREFIX) sfml-network$(SFML_LINK_SUFFIX)";
				"SFML_SYSTEM[arch=*]" = "$(SFML_LINK_PREFIX) sfml-system$(SFML_LINK_SUFFIX)";
				"SFML_WINDOW[arch=*]" = "$(SFML_LINK_PREFIX) sfml-window$(SFML_LINK_SUFFIX)";
			};
			name = Release;
		};
/* End XCBuildConfiguration section */

/* Begin XCConfigurationList section */
		33ED4157271F439D00571FD8 /* Build configuration list for PBXProject "chessboard" */ = {
			isa = XCConfigurationList;
			buildConfigurations = (
				33ED4170271F439D00571FD8 /* Debug */,
				33ED4171271F439D00571FD8 /* Release */,
			);
			defaultConfigurationIsVisible = 0;
			defaultConfigurationName = Release;
		};
		33ED4172271F439D00571FD8 /* Build configuration list for PBXNativeTarget "chessboard" */ = {
			isa = XCConfigurationList;
			buildConfigurations = (
				33ED4173271F439D00571FD8 /* Debug */,
				33ED4174271F439D00571FD8 /* Release */,
			);
			defaultConfigurationIsVisible = 0;
			defaultConfigurationName = Release;
		};
/* End XCConfigurationList section */
	};
	rootObject = 33ED4154271F439D00571FD8 /* Project object */;
}
